// !$*UTF8*$!
{
	archiveVersion = 1;
	classes = {
	};
	objectVersion = 50;
	objects = {

/* Begin PBXBuildFile section */
		2174288B7AE82CAB7276922E /* Pods_Hello_iOSTests.framework in Frameworks */ = {isa = PBXBuildFile; fileRef = 12E1EF1F2AAAFEF9B1BE18B6 /* Pods_Hello_iOSTests.framework */; };
		350908CE81B5AB24BAC4BF31 /* Pods_Hello_iOS_Hello_iOSUITests.framework in Frameworks */ = {isa = PBXBuildFile; fileRef = 67A304BBBE47FBCD65C7E4D7 /* Pods_Hello_iOS_Hello_iOSUITests.framework */; };
		3D60F29F2714153900B2B945 /* AppDelegate.swift in Sources */ = {isa = PBXBuildFile; fileRef = 3D60F29E2714153900B2B945 /* AppDelegate.swift */; };
		3D60F2A82714153C00B2B945 /* Assets.xcassets in Resources */ = {isa = PBXBuildFile; fileRef = 3D60F2A72714153C00B2B945 /* Assets.xcassets */; };
		3D60F2AB2714153C00B2B945 /* LaunchScreen.storyboard in Resources */ = {isa = PBXBuildFile; fileRef = 3D60F2A92714153C00B2B945 /* LaunchScreen.storyboard */; };
		3D60F2B62714153D00B2B945 /* Hello_iOSTests.swift in Sources */ = {isa = PBXBuildFile; fileRef = 3D60F2B52714153D00B2B945 /* Hello_iOSTests.swift */; };
		3D60F2C12714153D00B2B945 /* Hello_iOSUITests.swift in Sources */ = {isa = PBXBuildFile; fileRef = 3D60F2C02714153D00B2B945 /* Hello_iOSUITests.swift */; };
		3D9BB78C271425B300C26941 /* TabbarManager.swift in Sources */ = {isa = PBXBuildFile; fileRef = 3D9BB78B271425B300C26941 /* TabbarManager.swift */; };
		3D9BB79127142E4D00C26941 /* HomePageViewController.swift in Sources */ = {isa = PBXBuildFile; fileRef = 3D9BB79027142E4D00C26941 /* HomePageViewController.swift */; };
		3D9BB79627142E5C00C26941 /* InfoViewController.swift in Sources */ = {isa = PBXBuildFile; fileRef = 3D9BB79527142E5C00C26941 /* InfoViewController.swift */; };
		3D9BB79B27142E6600C26941 /* AboutViewController.swift in Sources */ = {isa = PBXBuildFile; fileRef = 3D9BB79A27142E6600C26941 /* AboutViewController.swift */; };
		3D9BB7A327143A7F00C26941 /* HomePageViewController.xib in Resources */ = {isa = PBXBuildFile; fileRef = 3D9BB7A227143A7F00C26941 /* HomePageViewController.xib */; };
		3D9BB7A827143B0A00C26941 /* InfoViewController.xib in Resources */ = {isa = PBXBuildFile; fileRef = 3D9BB7A727143B0A00C26941 /* InfoViewController.xib */; };
		3D9BB7AD27143B2500C26941 /* AboutViewController.xib in Resources */ = {isa = PBXBuildFile; fileRef = 3D9BB7AC27143B2500C26941 /* AboutViewController.xib */; };
		3D9BB7CD27151DD300C26941 /* WindowManager.swift in Sources */ = {isa = PBXBuildFile; fileRef = 3D9BB7CC27151DD300C26941 /* WindowManager.swift */; };
		3D9BB7D42715202E00C26941 /* LoginViewController.swift in Sources */ = {isa = PBXBuildFile; fileRef = 3D9BB7D22715202E00C26941 /* LoginViewController.swift */; };
		3D9BB7D52715202E00C26941 /* LoginViewController.xib in Resources */ = {isa = PBXBuildFile; fileRef = 3D9BB7D32715202E00C26941 /* LoginViewController.xib */; };
		3D9BB7EB2715312F00C26941 /* UserDefaultManager.swift in Sources */ = {isa = PBXBuildFile; fileRef = 3D9BB7EA2715312F00C26941 /* UserDefaultManager.swift */; };
		3D9BB7F02715314700C26941 /* KeychainManager.swift in Sources */ = {isa = PBXBuildFile; fileRef = 3D9BB7EF2715314700C26941 /* KeychainManager.swift */; };
		3D9BB7F5271531D100C26941 /* PhotoSaveManager.swift in Sources */ = {isa = PBXBuildFile; fileRef = 3D9BB7F4271531D100C26941 /* PhotoSaveManager.swift */; };
		3D9BB7FD2715325F00C26941 /* TypeAlias.swift in Sources */ = {isa = PBXBuildFile; fileRef = 3D9BB7FC2715325F00C26941 /* TypeAlias.swift */; };
		3D9BB8032715334600C26941 /* PermissionService.swift in Sources */ = {isa = PBXBuildFile; fileRef = 3D9BB8022715334600C26941 /* PermissionService.swift */; };
		78E786D04CC6B3685333A2F8 /* Pods_Hello_iOS.framework in Frameworks */ = {isa = PBXBuildFile; fileRef = 61D75C08E25121EA103A5F2D /* Pods_Hello_iOS.framework */; };
/* End PBXBuildFile section */

/* Begin PBXContainerItemProxy section */
		3D60F2B22714153D00B2B945 /* PBXContainerItemProxy */ = {
			isa = PBXContainerItemProxy;
			containerPortal = 3D60F2932714153900B2B945 /* Project object */;
			proxyType = 1;
			remoteGlobalIDString = 3D60F29A2714153900B2B945;
			remoteInfo = Hello_iOS;
		};
		3D60F2BD2714153D00B2B945 /* PBXContainerItemProxy */ = {
			isa = PBXContainerItemProxy;
			containerPortal = 3D60F2932714153900B2B945 /* Project object */;
			proxyType = 1;
			remoteGlobalIDString = 3D60F29A2714153900B2B945;
			remoteInfo = Hello_iOS;
		};
/* End PBXContainerItemProxy section */

/* Begin PBXFileReference section */
		12E1EF1F2AAAFEF9B1BE18B6 /* Pods_Hello_iOSTests.framework */ = {isa = PBXFileReference; explicitFileType = wrapper.framework; includeInIndex = 0; path = Pods_Hello_iOSTests.framework; sourceTree = BUILT_PRODUCTS_DIR; };
		3D60F29B2714153900B2B945 /* Hello_iOS.app */ = {isa = PBXFileReference; explicitFileType = wrapper.application; includeInIndex = 0; path = Hello_iOS.app; sourceTree = BUILT_PRODUCTS_DIR; };
		3D60F29E2714153900B2B945 /* AppDelegate.swift */ = {isa = PBXFileReference; lastKnownFileType = sourcecode.swift; path = AppDelegate.swift; sourceTree = "<group>"; };
		3D60F2A72714153C00B2B945 /* Assets.xcassets */ = {isa = PBXFileReference; lastKnownFileType = folder.assetcatalog; path = Assets.xcassets; sourceTree = "<group>"; };
		3D60F2AA2714153C00B2B945 /* Base */ = {isa = PBXFileReference; lastKnownFileType = file.storyboard; name = Base; path = Base.lproj/LaunchScreen.storyboard; sourceTree = "<group>"; };
		3D60F2AC2714153C00B2B945 /* Info.plist */ = {isa = PBXFileReference; lastKnownFileType = text.plist.xml; path = Info.plist; sourceTree = "<group>"; };
		3D60F2B12714153D00B2B945 /* Hello_iOSTests.xctest */ = {isa = PBXFileReference; explicitFileType = wrapper.cfbundle; includeInIndex = 0; path = Hello_iOSTests.xctest; sourceTree = BUILT_PRODUCTS_DIR; };
		3D60F2B52714153D00B2B945 /* Hello_iOSTests.swift */ = {isa = PBXFileReference; lastKnownFileType = sourcecode.swift; path = Hello_iOSTests.swift; sourceTree = "<group>"; };
		3D60F2B72714153D00B2B945 /* Info.plist */ = {isa = PBXFileReference; lastKnownFileType = text.plist.xml; path = Info.plist; sourceTree = "<group>"; };
		3D60F2BC2714153D00B2B945 /* Hello_iOSUITests.xctest */ = {isa = PBXFileReference; explicitFileType = wrapper.cfbundle; includeInIndex = 0; path = Hello_iOSUITests.xctest; sourceTree = BUILT_PRODUCTS_DIR; };
		3D60F2C02714153D00B2B945 /* Hello_iOSUITests.swift */ = {isa = PBXFileReference; lastKnownFileType = sourcecode.swift; path = Hello_iOSUITests.swift; sourceTree = "<group>"; };
		3D60F2C22714153D00B2B945 /* Info.plist */ = {isa = PBXFileReference; lastKnownFileType = text.plist.xml; path = Info.plist; sourceTree = "<group>"; };
		3D9BB78B271425B300C26941 /* TabbarManager.swift */ = {isa = PBXFileReference; lastKnownFileType = sourcecode.swift; path = TabbarManager.swift; sourceTree = "<group>"; };
		3D9BB79027142E4D00C26941 /* HomePageViewController.swift */ = {isa = PBXFileReference; lastKnownFileType = sourcecode.swift; path = HomePageViewController.swift; sourceTree = "<group>"; };
		3D9BB79527142E5C00C26941 /* InfoViewController.swift */ = {isa = PBXFileReference; lastKnownFileType = sourcecode.swift; path = InfoViewController.swift; sourceTree = "<group>"; };
		3D9BB79A27142E6600C26941 /* AboutViewController.swift */ = {isa = PBXFileReference; lastKnownFileType = sourcecode.swift; path = AboutViewController.swift; sourceTree = "<group>"; };
		3D9BB7A227143A7F00C26941 /* HomePageViewController.xib */ = {isa = PBXFileReference; lastKnownFileType = file.xib; path = HomePageViewController.xib; sourceTree = "<group>"; };
		3D9BB7A727143B0A00C26941 /* InfoViewController.xib */ = {isa = PBXFileReference; lastKnownFileType = file.xib; path = InfoViewController.xib; sourceTree = "<group>"; };
		3D9BB7AC27143B2500C26941 /* AboutViewController.xib */ = {isa = PBXFileReference; lastKnownFileType = file.xib; path = AboutViewController.xib; sourceTree = "<group>"; };
		3D9BB7CC27151DD300C26941 /* WindowManager.swift */ = {isa = PBXFileReference; lastKnownFileType = sourcecode.swift; path = WindowManager.swift; sourceTree = "<group>"; };
		3D9BB7D22715202E00C26941 /* LoginViewController.swift */ = {isa = PBXFileReference; lastKnownFileType = sourcecode.swift; path = LoginViewController.swift; sourceTree = "<group>"; };
		3D9BB7D32715202E00C26941 /* LoginViewController.xib */ = {isa = PBXFileReference; lastKnownFileType = file.xib; path = LoginViewController.xib; sourceTree = "<group>"; };
		3D9BB7EA2715312F00C26941 /* UserDefaultManager.swift */ = {isa = PBXFileReference; lastKnownFileType = sourcecode.swift; path = UserDefaultManager.swift; sourceTree = "<group>"; };
		3D9BB7EF2715314700C26941 /* KeychainManager.swift */ = {isa = PBXFileReference; lastKnownFileType = sourcecode.swift; path = KeychainManager.swift; sourceTree = "<group>"; };
		3D9BB7F4271531D100C26941 /* PhotoSaveManager.swift */ = {isa = PBXFileReference; lastKnownFileType = sourcecode.swift; path = PhotoSaveManager.swift; sourceTree = "<group>"; };
		3D9BB7FC2715325F00C26941 /* TypeAlias.swift */ = {isa = PBXFileReference; lastKnownFileType = sourcecode.swift; path = TypeAlias.swift; sourceTree = "<group>"; };
		3D9BB8022715334600C26941 /* PermissionService.swift */ = {isa = PBXFileReference; lastKnownFileType = sourcecode.swift; path = PermissionService.swift; sourceTree = "<group>"; };
		61D75C08E25121EA103A5F2D /* Pods_Hello_iOS.framework */ = {isa = PBXFileReference; explicitFileType = wrapper.framework; includeInIndex = 0; path = Pods_Hello_iOS.framework; sourceTree = BUILT_PRODUCTS_DIR; };
		67A304BBBE47FBCD65C7E4D7 /* Pods_Hello_iOS_Hello_iOSUITests.framework */ = {isa = PBXFileReference; explicitFileType = wrapper.framework; includeInIndex = 0; path = Pods_Hello_iOS_Hello_iOSUITests.framework; sourceTree = BUILT_PRODUCTS_DIR; };
		77492D09B1A4688C1D7DF222 /* Pods-Hello_iOS-Hello_iOSUITests.release.xcconfig */ = {isa = PBXFileReference; includeInIndex = 1; lastKnownFileType = text.xcconfig; name = "Pods-Hello_iOS-Hello_iOSUITests.release.xcconfig"; path = "Target Support Files/Pods-Hello_iOS-Hello_iOSUITests/Pods-Hello_iOS-Hello_iOSUITests.release.xcconfig"; sourceTree = "<group>"; };
		7DC16A6859C20B89621F80AF /* Pods-Hello_iOSTests.release.xcconfig */ = {isa = PBXFileReference; includeInIndex = 1; lastKnownFileType = text.xcconfig; name = "Pods-Hello_iOSTests.release.xcconfig"; path = "Target Support Files/Pods-Hello_iOSTests/Pods-Hello_iOSTests.release.xcconfig"; sourceTree = "<group>"; };
		8BA2D07C4410D4F3209AAE66 /* Pods-Hello_iOSTests.debug.xcconfig */ = {isa = PBXFileReference; includeInIndex = 1; lastKnownFileType = text.xcconfig; name = "Pods-Hello_iOSTests.debug.xcconfig"; path = "Target Support Files/Pods-Hello_iOSTests/Pods-Hello_iOSTests.debug.xcconfig"; sourceTree = "<group>"; };
		A8041DD6099D490DB8CB0A53 /* Pods-Hello_iOS.debug.xcconfig */ = {isa = PBXFileReference; includeInIndex = 1; lastKnownFileType = text.xcconfig; name = "Pods-Hello_iOS.debug.xcconfig"; path = "Target Support Files/Pods-Hello_iOS/Pods-Hello_iOS.debug.xcconfig"; sourceTree = "<group>"; };
		D1B208522FB6662535040491 /* Pods-Hello_iOS.release.xcconfig */ = {isa = PBXFileReference; includeInIndex = 1; lastKnownFileType = text.xcconfig; name = "Pods-Hello_iOS.release.xcconfig"; path = "Target Support Files/Pods-Hello_iOS/Pods-Hello_iOS.release.xcconfig"; sourceTree = "<group>"; };
		FD90EFB2532A416C4EDCC2EF /* Pods-Hello_iOS-Hello_iOSUITests.debug.xcconfig */ = {isa = PBXFileReference; includeInIndex = 1; lastKnownFileType = text.xcconfig; name = "Pods-Hello_iOS-Hello_iOSUITests.debug.xcconfig"; path = "Target Support Files/Pods-Hello_iOS-Hello_iOSUITests/Pods-Hello_iOS-Hello_iOSUITests.debug.xcconfig"; sourceTree = "<group>"; };
/* End PBXFileReference section */

/* Begin PBXFrameworksBuildPhase section */
		3D60F2982714153900B2B945 /* Frameworks */ = {
			isa = PBXFrameworksBuildPhase;
			buildActionMask = 2147483647;
			files = (
				78E786D04CC6B3685333A2F8 /* Pods_Hello_iOS.framework in Frameworks */,
			);
			runOnlyForDeploymentPostprocessing = 0;
		};
		3D60F2AE2714153D00B2B945 /* Frameworks */ = {
			isa = PBXFrameworksBuildPhase;
			buildActionMask = 2147483647;
			files = (
				2174288B7AE82CAB7276922E /* Pods_Hello_iOSTests.framework in Frameworks */,
			);
			runOnlyForDeploymentPostprocessing = 0;
		};
		3D60F2B92714153D00B2B945 /* Frameworks */ = {
			isa = PBXFrameworksBuildPhase;
			buildActionMask = 2147483647;
			files = (
				350908CE81B5AB24BAC4BF31 /* Pods_Hello_iOS_Hello_iOSUITests.framework in Frameworks */,
			);
			runOnlyForDeploymentPostprocessing = 0;
		};
/* End PBXFrameworksBuildPhase section */

/* Begin PBXGroup section */
		3361E8519F8F5B42177E4063 /* Frameworks */ = {
			isa = PBXGroup;
			children = (
				61D75C08E25121EA103A5F2D /* Pods_Hello_iOS.framework */,
				67A304BBBE47FBCD65C7E4D7 /* Pods_Hello_iOS_Hello_iOSUITests.framework */,
				12E1EF1F2AAAFEF9B1BE18B6 /* Pods_Hello_iOSTests.framework */,
			);
			name = Frameworks;
			sourceTree = "<group>";
		};
		3D60F2922714153900B2B945 = {
			isa = PBXGroup;
			children = (
				3D60F29D2714153900B2B945 /* Hello_iOS */,
				3D60F2B42714153D00B2B945 /* Hello_iOSTests */,
				3D60F2BF2714153D00B2B945 /* Hello_iOSUITests */,
				3D60F29C2714153900B2B945 /* Products */,
				95DB345BAEC94C786E8575C9 /* Pods */,
				3361E8519F8F5B42177E4063 /* Frameworks */,
			);
			sourceTree = "<group>";
		};
		3D60F29C2714153900B2B945 /* Products */ = {
			isa = PBXGroup;
			children = (
				3D60F29B2714153900B2B945 /* Hello_iOS.app */,
				3D60F2B12714153D00B2B945 /* Hello_iOSTests.xctest */,
				3D60F2BC2714153D00B2B945 /* Hello_iOSUITests.xctest */,
			);
			name = Products;
			sourceTree = "<group>";
		};
		3D60F29D2714153900B2B945 /* Hello_iOS */ = {
			isa = PBXGroup;
			children = (
				3D9BB7C727151CFD00C26941 /* App */,
				3D9BB7B2271441DA00C26941 /* SupportFiles */,
			);
			path = Hello_iOS;
			sourceTree = "<group>";
		};
		3D60F2B42714153D00B2B945 /* Hello_iOSTests */ = {
			isa = PBXGroup;
			children = (
				3D60F2B52714153D00B2B945 /* Hello_iOSTests.swift */,
				3D60F2B72714153D00B2B945 /* Info.plist */,
			);
			path = Hello_iOSTests;
			sourceTree = "<group>";
		};
		3D60F2BF2714153D00B2B945 /* Hello_iOSUITests */ = {
			isa = PBXGroup;
			children = (
				3D60F2C02714153D00B2B945 /* Hello_iOSUITests.swift */,
				3D60F2C22714153D00B2B945 /* Info.plist */,
			);
			path = Hello_iOSUITests;
			sourceTree = "<group>";
		};
		3D9BB7B2271441DA00C26941 /* SupportFiles */ = {
			isa = PBXGroup;
			children = (
				3D60F2A72714153C00B2B945 /* Assets.xcassets */,
				3D60F2A92714153C00B2B945 /* LaunchScreen.storyboard */,
				3D60F2AC2714153C00B2B945 /* Info.plist */,
			);
			path = SupportFiles;
			sourceTree = "<group>";
		};
		3D9BB7B72714422F00C26941 /* Home */ = {
			isa = PBXGroup;
			children = (
				3D9BB79027142E4D00C26941 /* HomePageViewController.swift */,
				3D9BB7A227143A7F00C26941 /* HomePageViewController.xib */,
			);
			path = Home;
			sourceTree = "<group>";
		};
		3D9BB7B82714423600C26941 /* Info */ = {
			isa = PBXGroup;
			children = (
				3D9BB79527142E5C00C26941 /* InfoViewController.swift */,
				3D9BB7A727143B0A00C26941 /* InfoViewController.xib */,
			);
			path = Info;
			sourceTree = "<group>";
		};
		3D9BB7B92714423B00C26941 /* About */ = {
			isa = PBXGroup;
			children = (
				3D9BB79A27142E6600C26941 /* AboutViewController.swift */,
				3D9BB7AC27143B2500C26941 /* AboutViewController.xib */,
			);
			path = About;
			sourceTree = "<group>";
		};
		3D9BB7C627151CDE00C26941 /* Module */ = {
			isa = PBXGroup;
			children = (
				3D9BB7D12715201200C26941 /* Login */,
				3D9BB7B72714422F00C26941 /* Home */,
				3D9BB7B82714423600C26941 /* Info */,
				3D9BB7B92714423B00C26941 /* About */,
			);
			path = Module;
			sourceTree = "<group>";
		};
		3D9BB7C727151CFD00C26941 /* App */ = {
			isa = PBXGroup;
			children = (
				3D9BB7C827151D8A00C26941 /* Base */,
				3D9BB7C627151CDE00C26941 /* Module */,
				3D9BB7E8271530EF00C26941 /* Utils */,
			);
			path = App;
			sourceTree = "<group>";
		};
		3D9BB7C827151D8A00C26941 /* Base */ = {
			isa = PBXGroup;
			children = (
				3D60F29E2714153900B2B945 /* AppDelegate.swift */,
				3D9BB7CC27151DD300C26941 /* WindowManager.swift */,
				3D9BB78B271425B300C26941 /* TabbarManager.swift */,
			);
			path = Base;
			sourceTree = "<group>";
		};
		3D9BB7D12715201200C26941 /* Login */ = {
			isa = PBXGroup;
			children = (
				3D9BB7D22715202E00C26941 /* LoginViewController.swift */,
				3D9BB7D32715202E00C26941 /* LoginViewController.xib */,
			);
			path = Login;
			sourceTree = "<group>";
		};
		3D9BB7E8271530EF00C26941 /* Utils */ = {
			isa = PBXGroup;
			children = (
				3D9BB7FC2715325F00C26941 /* TypeAlias.swift */,
				3D9BB8012715332A00C26941 /* SystemService */,
				3D9BB7E92715310400C26941 /* StorageManagers */,
			);
			path = Utils;
			sourceTree = "<group>";
		};
		3D9BB7E92715310400C26941 /* StorageManagers */ = {
			isa = PBXGroup;
			children = (
				3D9BB7EA2715312F00C26941 /* UserDefaultManager.swift */,
				3D9BB7EF2715314700C26941 /* KeychainManager.swift */,
				3D9BB7F4271531D100C26941 /* PhotoSaveManager.swift */,
			);
			path = StorageManagers;
			sourceTree = "<group>";
		};
		3D9BB8012715332A00C26941 /* SystemService */ = {
			isa = PBXGroup;
			children = (
				3D9BB8022715334600C26941 /* PermissionService.swift */,
			);
			path = SystemService;
			sourceTree = "<group>";
		};
		95DB345BAEC94C786E8575C9 /* Pods */ = {
			isa = PBXGroup;
			children = (
				A8041DD6099D490DB8CB0A53 /* Pods-Hello_iOS.debug.xcconfig */,
				D1B208522FB6662535040491 /* Pods-Hello_iOS.release.xcconfig */,
				FD90EFB2532A416C4EDCC2EF /* Pods-Hello_iOS-Hello_iOSUITests.debug.xcconfig */,
				77492D09B1A4688C1D7DF222 /* Pods-Hello_iOS-Hello_iOSUITests.release.xcconfig */,
				8BA2D07C4410D4F3209AAE66 /* Pods-Hello_iOSTests.debug.xcconfig */,
				7DC16A6859C20B89621F80AF /* Pods-Hello_iOSTests.release.xcconfig */,
			);
			path = Pods;
			sourceTree = "<group>";
		};
/* End PBXGroup section */

/* Begin PBXNativeTarget section */
		3D60F29A2714153900B2B945 /* Hello_iOS */ = {
			isa = PBXNativeTarget;
			buildConfigurationList = 3D60F2C52714153D00B2B945 /* Build configuration list for PBXNativeTarget "Hello_iOS" */;
			buildPhases = (
				4C80CEDFE0A120756D2195A6 /* [CP] Check Pods Manifest.lock */,
				3D60F2972714153900B2B945 /* Sources */,
				3D60F2982714153900B2B945 /* Frameworks */,
				3D60F2992714153900B2B945 /* Resources */,
			);
			buildRules = (
			);
			dependencies = (
			);
			name = Hello_iOS;
			productName = Hello_iOS;
			productReference = 3D60F29B2714153900B2B945 /* Hello_iOS.app */;
			productType = "com.apple.product-type.application";
		};
		3D60F2B02714153D00B2B945 /* Hello_iOSTests */ = {
			isa = PBXNativeTarget;
			buildConfigurationList = 3D60F2C82714153D00B2B945 /* Build configuration list for PBXNativeTarget "Hello_iOSTests" */;
			buildPhases = (
				ABDF9AA5AEC79065D72E74C4 /* [CP] Check Pods Manifest.lock */,
				3D60F2AD2714153D00B2B945 /* Sources */,
				3D60F2AE2714153D00B2B945 /* Frameworks */,
				3D60F2AF2714153D00B2B945 /* Resources */,
			);
			buildRules = (
			);
			dependencies = (
				3D60F2B32714153D00B2B945 /* PBXTargetDependency */,
			);
			name = Hello_iOSTests;
			productName = Hello_iOSTests;
			productReference = 3D60F2B12714153D00B2B945 /* Hello_iOSTests.xctest */;
			productType = "com.apple.product-type.bundle.unit-test";
		};
		3D60F2BB2714153D00B2B945 /* Hello_iOSUITests */ = {
			isa = PBXNativeTarget;
			buildConfigurationList = 3D60F2CB2714153D00B2B945 /* Build configuration list for PBXNativeTarget "Hello_iOSUITests" */;
			buildPhases = (
				6852FABBCFB4026B461029CB /* [CP] Check Pods Manifest.lock */,
				3D60F2B82714153D00B2B945 /* Sources */,
				3D60F2B92714153D00B2B945 /* Frameworks */,
				3D60F2BA2714153D00B2B945 /* Resources */,
			);
			buildRules = (
			);
			dependencies = (
				3D60F2BE2714153D00B2B945 /* PBXTargetDependency */,
			);
			name = Hello_iOSUITests;
			productName = Hello_iOSUITests;
			productReference = 3D60F2BC2714153D00B2B945 /* Hello_iOSUITests.xctest */;
			productType = "com.apple.product-type.bundle.ui-testing";
		};
/* End PBXNativeTarget section */

/* Begin PBXProject section */
		3D60F2932714153900B2B945 /* Project object */ = {
			isa = PBXProject;
			attributes = {
				LastSwiftUpdateCheck = 1240;
				LastUpgradeCheck = 1240;
				TargetAttributes = {
					3D60F29A2714153900B2B945 = {
						CreatedOnToolsVersion = 12.4;
					};
					3D60F2B02714153D00B2B945 = {
						CreatedOnToolsVersion = 12.4;
						TestTargetID = 3D60F29A2714153900B2B945;
					};
					3D60F2BB2714153D00B2B945 = {
						CreatedOnToolsVersion = 12.4;
						TestTargetID = 3D60F29A2714153900B2B945;
					};
				};
			};
			buildConfigurationList = 3D60F2962714153900B2B945 /* Build configuration list for PBXProject "Hello_iOS" */;
			compatibilityVersion = "Xcode 9.3";
			developmentRegion = en;
			hasScannedForEncodings = 0;
			knownRegions = (
				en,
				Base,
			);
			mainGroup = 3D60F2922714153900B2B945;
			productRefGroup = 3D60F29C2714153900B2B945 /* Products */;
			projectDirPath = "";
			projectRoot = "";
			targets = (
				3D60F29A2714153900B2B945 /* Hello_iOS */,
				3D60F2B02714153D00B2B945 /* Hello_iOSTests */,
				3D60F2BB2714153D00B2B945 /* Hello_iOSUITests */,
			);
		};
/* End PBXProject section */

/* Begin PBXResourcesBuildPhase section */
		3D60F2992714153900B2B945 /* Resources */ = {
			isa = PBXResourcesBuildPhase;
			buildActionMask = 2147483647;
			files = (
				3D60F2AB2714153C00B2B945 /* LaunchScreen.storyboard in Resources */,
				3D9BB7A327143A7F00C26941 /* HomePageViewController.xib in Resources */,
				3D9BB7D52715202E00C26941 /* LoginViewController.xib in Resources */,
				3D9BB7A827143B0A00C26941 /* InfoViewController.xib in Resources */,
				3D60F2A82714153C00B2B945 /* Assets.xcassets in Resources */,
				3D9BB7AD27143B2500C26941 /* AboutViewController.xib in Resources */,
			);
			runOnlyForDeploymentPostprocessing = 0;
		};
		3D60F2AF2714153D00B2B945 /* Resources */ = {
			isa = PBXResourcesBuildPhase;
			buildActionMask = 2147483647;
			files = (
			);
			runOnlyForDeploymentPostprocessing = 0;
		};
		3D60F2BA2714153D00B2B945 /* Resources */ = {
			isa = PBXResourcesBuildPhase;
			buildActionMask = 2147483647;
			files = (
			);
			runOnlyForDeploymentPostprocessing = 0;
		};
/* End PBXResourcesBuildPhase section */

/* Begin PBXShellScriptBuildPhase section */
		4C80CEDFE0A120756D2195A6 /* [CP] Check Pods Manifest.lock */ = {
			isa = PBXShellScriptBuildPhase;
			buildActionMask = 2147483647;
			files = (
			);
			inputFileListPaths = (
			);
			inputPaths = (
				"${PODS_PODFILE_DIR_PATH}/Podfile.lock",
				"${PODS_ROOT}/Manifest.lock",
			);
			name = "[CP] Check Pods Manifest.lock";
			outputFileListPaths = (
			);
			outputPaths = (
				"$(DERIVED_FILE_DIR)/Pods-Hello_iOS-checkManifestLockResult.txt",
			);
			runOnlyForDeploymentPostprocessing = 0;
			shellPath = /bin/sh;
			shellScript = "diff \"${PODS_PODFILE_DIR_PATH}/Podfile.lock\" \"${PODS_ROOT}/Manifest.lock\" > /dev/null\nif [ $? != 0 ] ; then\n    # print error to STDERR\n    echo \"error: The sandbox is not in sync with the Podfile.lock. Run 'pod install' or update your CocoaPods installation.\" >&2\n    exit 1\nfi\n# This output is used by Xcode 'outputs' to avoid re-running this script phase.\necho \"SUCCESS\" > \"${SCRIPT_OUTPUT_FILE_0}\"\n";
			showEnvVarsInLog = 0;
		};
		6852FABBCFB4026B461029CB /* [CP] Check Pods Manifest.lock */ = {
			isa = PBXShellScriptBuildPhase;
			buildActionMask = 2147483647;
			files = (
			);
			inputFileListPaths = (
			);
			inputPaths = (
				"${PODS_PODFILE_DIR_PATH}/Podfile.lock",
				"${PODS_ROOT}/Manifest.lock",
			);
			name = "[CP] Check Pods Manifest.lock";
			outputFileListPaths = (
			);
			outputPaths = (
				"$(DERIVED_FILE_DIR)/Pods-Hello_iOS-Hello_iOSUITests-checkManifestLockResult.txt",
			);
			runOnlyForDeploymentPostprocessing = 0;
			shellPath = /bin/sh;
			shellScript = "diff \"${PODS_PODFILE_DIR_PATH}/Podfile.lock\" \"${PODS_ROOT}/Manifest.lock\" > /dev/null\nif [ $? != 0 ] ; then\n    # print error to STDERR\n    echo \"error: The sandbox is not in sync with the Podfile.lock. Run 'pod install' or update your CocoaPods installation.\" >&2\n    exit 1\nfi\n# This output is used by Xcode 'outputs' to avoid re-running this script phase.\necho \"SUCCESS\" > \"${SCRIPT_OUTPUT_FILE_0}\"\n";
			showEnvVarsInLog = 0;
		};
		ABDF9AA5AEC79065D72E74C4 /* [CP] Check Pods Manifest.lock */ = {
			isa = PBXShellScriptBuildPhase;
			buildActionMask = 2147483647;
			files = (
			);
			inputFileListPaths = (
			);
			inputPaths = (
				"${PODS_PODFILE_DIR_PATH}/Podfile.lock",
				"${PODS_ROOT}/Manifest.lock",
			);
			name = "[CP] Check Pods Manifest.lock";
			outputFileListPaths = (
			);
			outputPaths = (
				"$(DERIVED_FILE_DIR)/Pods-Hello_iOSTests-checkManifestLockResult.txt",
			);
			runOnlyForDeploymentPostprocessing = 0;
			shellPath = /bin/sh;
			shellScript = "diff \"${PODS_PODFILE_DIR_PATH}/Podfile.lock\" \"${PODS_ROOT}/Manifest.lock\" > /dev/null\nif [ $? != 0 ] ; then\n    # print error to STDERR\n    echo \"error: The sandbox is not in sync with the Podfile.lock. Run 'pod install' or update your CocoaPods installation.\" >&2\n    exit 1\nfi\n# This output is used by Xcode 'outputs' to avoid re-running this script phase.\necho \"SUCCESS\" > \"${SCRIPT_OUTPUT_FILE_0}\"\n";
			showEnvVarsInLog = 0;
		};
/* End PBXShellScriptBuildPhase section */

/* Begin PBXSourcesBuildPhase section */
		3D60F2972714153900B2B945 /* Sources */ = {
			isa = PBXSourcesBuildPhase;
			buildActionMask = 2147483647;
			files = (
				3D9BB7D42715202E00C26941 /* LoginViewController.swift in Sources */,
				3D60F29F2714153900B2B945 /* AppDelegate.swift in Sources */,
				3D9BB7EB2715312F00C26941 /* UserDefaultManager.swift in Sources */,
				3D9BB79B27142E6600C26941 /* AboutViewController.swift in Sources */,
				3D9BB7F02715314700C26941 /* KeychainManager.swift in Sources */,
				3D9BB79127142E4D00C26941 /* HomePageViewController.swift in Sources */,
				3D9BB79627142E5C00C26941 /* InfoViewController.swift in Sources */,
				3D9BB78C271425B300C26941 /* TabbarManager.swift in Sources */,
				3D9BB8032715334600C26941 /* PermissionService.swift in Sources */,
				3D9BB7F5271531D100C26941 /* PhotoSaveManager.swift in Sources */,
				3D9BB7FD2715325F00C26941 /* TypeAlias.swift in Sources */,
				3D9BB7CD27151DD300C26941 /* WindowManager.swift in Sources */,
			);
			runOnlyForDeploymentPostprocessing = 0;
		};
		3D60F2AD2714153D00B2B945 /* Sources */ = {
			isa = PBXSourcesBuildPhase;
			buildActionMask = 2147483647;
			files = (
				3D60F2B62714153D00B2B945 /* Hello_iOSTests.swift in Sources */,
			);
			runOnlyForDeploymentPostprocessing = 0;
		};
		3D60F2B82714153D00B2B945 /* Sources */ = {
			isa = PBXSourcesBuildPhase;
			buildActionMask = 2147483647;
			files = (
				3D60F2C12714153D00B2B945 /* Hello_iOSUITests.swift in Sources */,
			);
			runOnlyForDeploymentPostprocessing = 0;
		};
/* End PBXSourcesBuildPhase section */

/* Begin PBXTargetDependency section */
		3D60F2B32714153D00B2B945 /* PBXTargetDependency */ = {
			isa = PBXTargetDependency;
			target = 3D60F29A2714153900B2B945 /* Hello_iOS */;
			targetProxy = 3D60F2B22714153D00B2B945 /* PBXContainerItemProxy */;
		};
		3D60F2BE2714153D00B2B945 /* PBXTargetDependency */ = {
			isa = PBXTargetDependency;
			target = 3D60F29A2714153900B2B945 /* Hello_iOS */;
			targetProxy = 3D60F2BD2714153D00B2B945 /* PBXContainerItemProxy */;
		};
/* End PBXTargetDependency section */

/* Begin PBXVariantGroup section */
		3D60F2A92714153C00B2B945 /* LaunchScreen.storyboard */ = {
			isa = PBXVariantGroup;
			children = (
				3D60F2AA2714153C00B2B945 /* Base */,
			);
			name = LaunchScreen.storyboard;
			sourceTree = "<group>";
		};
/* End PBXVariantGroup section */

/* Begin XCBuildConfiguration section */
		3D60F2C32714153D00B2B945 /* Debug */ = {
			isa = XCBuildConfiguration;
			buildSettings = {
				ALWAYS_SEARCH_USER_PATHS = NO;
				CLANG_ANALYZER_NONNULL = YES;
				CLANG_ANALYZER_NUMBER_OBJECT_CONVERSION = YES_AGGRESSIVE;
				CLANG_CXX_LANGUAGE_STANDARD = "gnu++14";
				CLANG_CXX_LIBRARY = "libc++";
				CLANG_ENABLE_MODULES = YES;
				CLANG_ENABLE_OBJC_ARC = YES;
				CLANG_ENABLE_OBJC_WEAK = YES;
				CLANG_WARN_BLOCK_CAPTURE_AUTORELEASING = YES;
				CLANG_WARN_BOOL_CONVERSION = YES;
				CLANG_WARN_COMMA = YES;
				CLANG_WARN_CONSTANT_CONVERSION = YES;
				CLANG_WARN_DEPRECATED_OBJC_IMPLEMENTATIONS = YES;
				CLANG_WARN_DIRECT_OBJC_ISA_USAGE = YES_ERROR;
				CLANG_WARN_DOCUMENTATION_COMMENTS = YES;
				CLANG_WARN_EMPTY_BODY = YES;
				CLANG_WARN_ENUM_CONVERSION = YES;
				CLANG_WARN_INFINITE_RECURSION = YES;
				CLANG_WARN_INT_CONVERSION = YES;
				CLANG_WARN_NON_LITERAL_NULL_CONVERSION = YES;
				CLANG_WARN_OBJC_IMPLICIT_RETAIN_SELF = YES;
				CLANG_WARN_OBJC_LITERAL_CONVERSION = YES;
				CLANG_WARN_OBJC_ROOT_CLASS = YES_ERROR;
				CLANG_WARN_QUOTED_INCLUDE_IN_FRAMEWORK_HEADER = YES;
				CLANG_WARN_RANGE_LOOP_ANALYSIS = YES;
				CLANG_WARN_STRICT_PROTOTYPES = YES;
				CLANG_WARN_SUSPICIOUS_MOVE = YES;
				CLANG_WARN_UNGUARDED_AVAILABILITY = YES_AGGRESSIVE;
				CLANG_WARN_UNREACHABLE_CODE = YES;
				CLANG_WARN__DUPLICATE_METHOD_MATCH = YES;
				COPY_PHASE_STRIP = NO;
				DEBUG_INFORMATION_FORMAT = dwarf;
				ENABLE_STRICT_OBJC_MSGSEND = YES;
				ENABLE_TESTABILITY = YES;
				GCC_C_LANGUAGE_STANDARD = gnu11;
				GCC_DYNAMIC_NO_PIC = NO;
				GCC_NO_COMMON_BLOCKS = YES;
				GCC_OPTIMIZATION_LEVEL = 0;
				GCC_PREPROCESSOR_DEFINITIONS = (
					"DEBUG=1",
					"$(inherited)",
				);
				GCC_WARN_64_TO_32_BIT_CONVERSION = YES;
				GCC_WARN_ABOUT_RETURN_TYPE = YES_ERROR;
				GCC_WARN_UNDECLARED_SELECTOR = YES;
				GCC_WARN_UNINITIALIZED_AUTOS = YES_AGGRESSIVE;
				GCC_WARN_UNUSED_FUNCTION = YES;
				GCC_WARN_UNUSED_VARIABLE = YES;
				IPHONEOS_DEPLOYMENT_TARGET = 14.4;
				MTL_ENABLE_DEBUG_INFO = INCLUDE_SOURCE;
				MTL_FAST_MATH = YES;
				ONLY_ACTIVE_ARCH = YES;
				SDKROOT = iphoneos;
				SWIFT_ACTIVE_COMPILATION_CONDITIONS = DEBUG;
				SWIFT_OPTIMIZATION_LEVEL = "-Onone";
			};
			name = Debug;
		};
		3D60F2C42714153D00B2B945 /* Release */ = {
			isa = XCBuildConfiguration;
			buildSettings = {
				ALWAYS_SEARCH_USER_PATHS = NO;
				CLANG_ANALYZER_NONNULL = YES;
				CLANG_ANALYZER_NUMBER_OBJECT_CONVERSION = YES_AGGRESSIVE;
				CLANG_CXX_LANGUAGE_STANDARD = "gnu++14";
				CLANG_CXX_LIBRARY = "libc++";
				CLANG_ENABLE_MODULES = YES;
				CLANG_ENABLE_OBJC_ARC = YES;
				CLANG_ENABLE_OBJC_WEAK = YES;
				CLANG_WARN_BLOCK_CAPTURE_AUTORELEASING = YES;
				CLANG_WARN_BOOL_CONVERSION = YES;
				CLANG_WARN_COMMA = YES;
				CLANG_WARN_CONSTANT_CONVERSION = YES;
				CLANG_WARN_DEPRECATED_OBJC_IMPLEMENTATIONS = YES;
				CLANG_WARN_DIRECT_OBJC_ISA_USAGE = YES_ERROR;
				CLANG_WARN_DOCUMENTATION_COMMENTS = YES;
				CLANG_WARN_EMPTY_BODY = YES;
				CLANG_WARN_ENUM_CONVERSION = YES;
				CLANG_WARN_INFINITE_RECURSION = YES;
				CLANG_WARN_INT_CONVERSION = YES;
				CLANG_WARN_NON_LITERAL_NULL_CONVERSION = YES;
				CLANG_WARN_OBJC_IMPLICIT_RETAIN_SELF = YES;
				CLANG_WARN_OBJC_LITERAL_CONVERSION = YES;
				CLANG_WARN_OBJC_ROOT_CLASS = YES_ERROR;
				CLANG_WARN_QUOTED_INCLUDE_IN_FRAMEWORK_HEADER = YES;
				CLANG_WARN_RANGE_LOOP_ANALYSIS = YES;
				CLANG_WARN_STRICT_PROTOTYPES = YES;
				CLANG_WARN_SUSPICIOUS_MOVE = YES;
				CLANG_WARN_UNGUARDED_AVAILABILITY = YES_AGGRESSIVE;
				CLANG_WARN_UNREACHABLE_CODE = YES;
				CLANG_WARN__DUPLICATE_METHOD_MATCH = YES;
				COPY_PHASE_STRIP = NO;
				DEBUG_INFORMATION_FORMAT = "dwarf-with-dsym";
				ENABLE_NS_ASSERTIONS = NO;
				ENABLE_STRICT_OBJC_MSGSEND = YES;
				GCC_C_LANGUAGE_STANDARD = gnu11;
				GCC_NO_COMMON_BLOCKS = YES;
				GCC_WARN_64_TO_32_BIT_CONVERSION = YES;
				GCC_WARN_ABOUT_RETURN_TYPE = YES_ERROR;
				GCC_WARN_UNDECLARED_SELECTOR = YES;
				GCC_WARN_UNINITIALIZED_AUTOS = YES_AGGRESSIVE;
				GCC_WARN_UNUSED_FUNCTION = YES;
				GCC_WARN_UNUSED_VARIABLE = YES;
				IPHONEOS_DEPLOYMENT_TARGET = 14.4;
				MTL_ENABLE_DEBUG_INFO = NO;
				MTL_FAST_MATH = YES;
				SDKROOT = iphoneos;
				SWIFT_COMPILATION_MODE = wholemodule;
				SWIFT_OPTIMIZATION_LEVEL = "-O";
				VALIDATE_PRODUCT = YES;
			};
			name = Release;
		};
		3D60F2C62714153D00B2B945 /* Debug */ = {
			isa = XCBuildConfiguration;
			baseConfigurationReference = A8041DD6099D490DB8CB0A53 /* Pods-Hello_iOS.debug.xcconfig */;
			buildSettings = {
				ASSETCATALOG_COMPILER_APPICON_NAME = AppIcon;
				ASSETCATALOG_COMPILER_GLOBAL_ACCENT_COLOR_NAME = AccentColor;
				CODE_SIGN_STYLE = Automatic;
				DEVELOPMENT_TEAM = 3D5A547Y93;
				INFOPLIST_FILE = Hello_iOS/SupportFiles/Info.plist;
				LD_RUNPATH_SEARCH_PATHS = (
					"$(inherited)",
					"@executable_path/Frameworks",
				);
				PRODUCT_BUNDLE_IDENTIFIER = "com.murpn.lu.Hello-iOS";
				PRODUCT_NAME = "$(TARGET_NAME)";
				SWIFT_VERSION = 5.0;
				TARGETED_DEVICE_FAMILY = "1,2";
			};
			name = Debug;
		};
		3D60F2C72714153D00B2B945 /* Release */ = {
			isa = XCBuildConfiguration;
			baseConfigurationReference = D1B208522FB6662535040491 /* Pods-Hello_iOS.release.xcconfig */;
			buildSettings = {
				ASSETCATALOG_COMPILER_APPICON_NAME = AppIcon;
				ASSETCATALOG_COMPILER_GLOBAL_ACCENT_COLOR_NAME = AccentColor;
				CODE_SIGN_STYLE = Automatic;
				DEVELOPMENT_TEAM = 3D5A547Y93;
				INFOPLIST_FILE = Hello_iOS/SupportFiles/Info.plist;
				LD_RUNPATH_SEARCH_PATHS = (
					"$(inherited)",
					"@executable_path/Frameworks",
				);
				PRODUCT_BUNDLE_IDENTIFIER = "com.murpn.lu.Hello-iOS";
				PRODUCT_NAME = "$(TARGET_NAME)";
				SWIFT_VERSION = 5.0;
				TARGETED_DEVICE_FAMILY = "1,2";
			};
			name = Release;
		};
		3D60F2C92714153D00B2B945 /* Debug */ = {
			isa = XCBuildConfiguration;
			baseConfigurationReference = 8BA2D07C4410D4F3209AAE66 /* Pods-Hello_iOSTests.debug.xcconfig */;
			buildSettings = {
				ALWAYS_EMBED_SWIFT_STANDARD_LIBRARIES = YES;
				BUNDLE_LOADER = "$(TEST_HOST)";
				CODE_SIGN_STYLE = Automatic;
				DEVELOPMENT_TEAM = 3D5A547Y93;
				INFOPLIST_FILE = Hello_iOSTests/Info.plist;
				IPHONEOS_DEPLOYMENT_TARGET = 14.4;
				LD_RUNPATH_SEARCH_PATHS = (
					"$(inherited)",
					"@executable_path/Frameworks",
					"@loader_path/Frameworks",
				);
				PRODUCT_BUNDLE_IDENTIFIER = "com.murpn.lu.Hello-iOSTests";
				PRODUCT_NAME = "$(TARGET_NAME)";
				SWIFT_VERSION = 5.0;
				TARGETED_DEVICE_FAMILY = "1,2";
				TEST_HOST = "$(BUILT_PRODUCTS_DIR)/Hello_iOS.app/Hello_iOS";
			};
			name = Debug;
		};
		3D60F2CA2714153D00B2B945 /* Release */ = {
			isa = XCBuildConfiguration;
			baseConfigurationReference = 7DC16A6859C20B89621F80AF /* Pods-Hello_iOSTests.release.xcconfig */;
			buildSettings = {
				ALWAYS_EMBED_SWIFT_STANDARD_LIBRARIES = YES;
				BUNDLE_LOADER = "$(TEST_HOST)";
				CODE_SIGN_STYLE = Automatic;
				DEVELOPMENT_TEAM = 3D5A547Y93;
				INFOPLIST_FILE = Hello_iOSTests/Info.plist;
				IPHONEOS_DEPLOYMENT_TARGET = 14.4;
				LD_RUNPATH_SEARCH_PATHS = (
					"$(inherited)",
					"@executable_path/Frameworks",
					"@loader_path/Frameworks",
				);
				PRODUCT_BUNDLE_IDENTIFIER = "com.murpn.lu.Hello-iOSTests";
				PRODUCT_NAME = "$(TARGET_NAME)";
				SWIFT_VERSION = 5.0;
				TARGETED_DEVICE_FAMILY = "1,2";
				TEST_HOST = "$(BUILT_PRODUCTS_DIR)/Hello_iOS.app/Hello_iOS";
			};
			name = Release;
		};
		3D60F2CC2714153D00B2B945 /* Debug */ = {
			isa = XCBuildConfiguration;
			baseConfigurationReference = FD90EFB2532A416C4EDCC2EF /* Pods-Hello_iOS-Hello_iOSUITests.debug.xcconfig */;
			buildSettings = {
				ALWAYS_EMBED_SWIFT_STANDARD_LIBRARIES = YES;
				CODE_SIGN_STYLE = Automatic;
				DEVELOPMENT_TEAM = 3D5A547Y93;
				INFOPLIST_FILE = Hello_iOSUITests/Info.plist;
				LD_RUNPATH_SEARCH_PATHS = (
					"$(inherited)",
					"@executable_path/Frameworks",
					"@loader_path/Frameworks",
				);
				PRODUCT_BUNDLE_IDENTIFIER = "com.murpn.lu.Hello-iOSUITests";
				PRODUCT_NAME = "$(TARGET_NAME)";
				SWIFT_VERSION = 5.0;
				TARGETED_DEVICE_FAMILY = "1,2";
				TEST_TARGET_NAME = Hello_iOS;
			};
			name = Debug;
		};
		3D60F2CD2714153D00B2B945 /* Release */ = {
			isa = XCBuildConfiguration;
			baseConfigurationReference = 77492D09B1A4688C1D7DF222 /* Pods-Hello_iOS-Hello_iOSUITests.release.xcconfig */;
			buildSettings = {
				ALWAYS_EMBED_SWIFT_STANDARD_LIBRARIES = YES;
				CODE_SIGN_STYLE = Automatic;
				DEVELOPMENT_TEAM = 3D5A547Y93;
				INFOPLIST_FILE = Hello_iOSUITests/Info.plist;
				LD_RUNPATH_SEARCH_PATHS = (
					"$(inherited)",
					"@executable_path/Frameworks",
					"@loader_path/Frameworks",
				);
				PRODUCT_BUNDLE_IDENTIFIER = "com.murpn.lu.Hello-iOSUITests";
				PRODUCT_NAME = "$(TARGET_NAME)";
				SWIFT_VERSION = 5.0;
				TARGETED_DEVICE_FAMILY = "1,2";
				TEST_TARGET_NAME = Hello_iOS;
			};
			name = Release;
		};
/* End XCBuildConfiguration section */

/* Begin XCConfigurationList section */
		3D60F2962714153900B2B945 /* Build configuration list for PBXProject "Hello_iOS" */ = {
			isa = XCConfigurationList;
			buildConfigurations = (
				3D60F2C32714153D00B2B945 /* Debug */,
				3D60F2C42714153D00B2B945 /* Release */,
			);
			defaultConfigurationIsVisible = 0;
			defaultConfigurationName = Release;
		};
		3D60F2C52714153D00B2B945 /* Build configuration list for PBXNativeTarget "Hello_iOS" */ = {
			isa = XCConfigurationList;
			buildConfigurations = (
				3D60F2C62714153D00B2B945 /* Debug */,
				3D60F2C72714153D00B2B945 /* Release */,
			);
			defaultConfigurationIsVisible = 0;
			defaultConfigurationName = Release;
		};
		3D60F2C82714153D00B2B945 /* Build configuration list for PBXNativeTarget "Hello_iOSTests" */ = {
			isa = XCConfigurationList;
			buildConfigurations = (
				3D60F2C92714153D00B2B945 /* Debug */,
				3D60F2CA2714153D00B2B945 /* Release */,
			);
			defaultConfigurationIsVisible = 0;
			defaultConfigurationName = Release;
		};
		3D60F2CB2714153D00B2B945 /* Build configuration list for PBXNativeTarget "Hello_iOSUITests" */ = {
			isa = XCConfigurationList;
			buildConfigurations = (
				3D60F2CC2714153D00B2B945 /* Debug */,
				3D60F2CD2714153D00B2B945 /* Release */,
			);
			defaultConfigurationIsVisible = 0;
			defaultConfigurationName = Release;
		};
/* End XCConfigurationList section */
	};
	rootObject = 3D60F2932714153900B2B945 /* Project object */;
}
